
Microsoft Visual Studio Solution File, Format Version 12.00
# Visual Studio Version 16
VisualStudioVersion = 16.0.31005.135
MinimumVisualStudioVersion = 10.0.40219.1
Project("{FAE04EC0-301F-11D3-BF4B-00C04F79EFBC}") = "AdvertApi.SearchWorker", "AdvertApi.SearchWorker\AdvertApi.SearchWorker.csproj", "{B6641EC4-702F-4D17-8551-28D265A7C939}"
EndProject
Global
	GlobalSection(SolutionConfigurationPlatforms) = preSolution
		Debug|Any CPU = Debug|Any CPU
		Release|Any CPU = Release|Any CPU
	EndGlobalSection
	GlobalSection(ProjectConfigurationPlatforms) = postSolution
		{B6641EC4-702F-4D17-8551-28D265A7C939}.Debug|Any CPU.ActiveCfg = Debug|Any CPU
		{B6641EC4-702F-4D17-8551-28D265A7C939}.Debug|Any CPU.Build.0 = Debug|Any CPU
		{B6641EC4-702F-4D17-8551-28D265A7C939}.Release|Any CPU.ActiveCfg = Release|Any CPU
		{B6641EC4-702F-4D17-8551-28D265A7C939}.Release|Any CPU.Build.0 = Release|Any CPU
	EndGlobalSection
	GlobalSection(SolutionProperties) = preSolution
		HideSolutionNode = FALSE
	EndGlobalSection
	GlobalSection(ExtensibilityGlobals) = postSolution
		SolutionGuid = {1F529E42-A660-47DC-9F24-8E24974E9418}
	EndGlobalSection
EndGlobal
